
Microsoft Visual Studio Solution File, Format Version 12.00
# Visual Studio 2013
VisualStudioVersion = 12.0.40629.0
MinimumVisualStudioVersion = 10.0.40219.1
Project("{FAE04EC0-301F-11D3-BF4B-00C04F79EFBC}") = "YKToolkit.Controls", "YKToolkit.Controls\YKToolkit.Controls.csproj", "{68E2CB20-97C1-4CBD-BDC4-38B52CB70C4F}"
EndProject
Project("{FAE04EC0-301F-11D3-BF4B-00C04F79EFBC}") = "YKToolkit.Sample", "YKToolkit.Sample\YKToolkit.Sample.csproj", "{43DF0675-6C92-48EF-9730-B7D0E092E400}"
EndProject
Global
	GlobalSection(SolutionConfigurationPlatforms) = preSolution
		Beta Debug|Any CPU = Beta Debug|Any CPU
		Beta Release|Any CPU = Beta Release|Any CPU
		Debug|Any CPU = Debug|Any CPU
		Release|Any CPU = Release|Any CPU
	EndGlobalSection
	GlobalSection(ProjectConfigurationPlatforms) = postSolution
		{68E2CB20-97C1-4CBD-BDC4-38B52CB70C4F}.Beta Debug|Any CPU.ActiveCfg = Beta Debug|Any CPU
		{68E2CB20-97C1-4CBD-BDC4-38B52CB70C4F}.Beta Debug|Any CPU.Build.0 = Beta Debug|Any CPU
		{68E2CB20-97C1-4CBD-BDC4-38B52CB70C4F}.Beta Release|Any CPU.ActiveCfg = Beta Release|Any CPU
		{68E2CB20-97C1-4CBD-BDC4-38B52CB70C4F}.Beta Release|Any CPU.Build.0 = Beta Release|Any CPU
		{68E2CB20-97C1-4CBD-BDC4-38B52CB70C4F}.Debug|Any CPU.ActiveCfg = Debug|Any CPU
		{68E2CB20-97C1-4CBD-BDC4-38B52CB70C4F}.Debug|Any CPU.Build.0 = Debug|Any CPU
		{68E2CB20-97C1-4CBD-BDC4-38B52CB70C4F}.Release|Any CPU.ActiveCfg = Release|Any CPU
		{68E2CB20-97C1-4CBD-BDC4-38B52CB70C4F}.Release|Any CPU.Build.0 = Release|Any CPU
		{43DF0675-6C92-48EF-9730-B7D0E092E400}.Beta Debug|Any CPU.ActiveCfg = Debug|Any CPU
		{43DF0675-6C92-48EF-9730-B7D0E092E400}.Beta Debug|Any CPU.Build.0 = Debug|Any CPU
		{43DF0675-6C92-48EF-9730-B7D0E092E400}.Beta Release|Any CPU.ActiveCfg = Beta Release|Any CPU
		{43DF0675-6C92-48EF-9730-B7D0E092E400}.Beta Release|Any CPU.Build.0 = Beta Release|Any CPU
		{43DF0675-6C92-48EF-9730-B7D0E092E400}.Debug|Any CPU.ActiveCfg = Debug|Any CPU
		{43DF0675-6C92-48EF-9730-B7D0E092E400}.Debug|Any CPU.Build.0 = Debug|Any CPU
		{43DF0675-6C92-48EF-9730-B7D0E092E400}.Release|Any CPU.ActiveCfg = Release|Any CPU
		{43DF0675-6C92-48EF-9730-B7D0E092E400}.Release|Any CPU.Build.0 = Release|Any CPU
	EndGlobalSection
	GlobalSection(SolutionProperties) = preSolution
		HideSolutionNode = FALSE
	EndGlobalSection
EndGlobal
